// !$*UTF8*$!
{
	archiveVersion = 1;
	classes = {
	};
	objectVersion = 50;
	objects = {

/* Begin PBXBuildFile section */
		8039032F25000CCB006EA799 /* MainTabController.swift in Sources */ = {isa = PBXBuildFile; fileRef = 8039032E25000CCB006EA799 /* MainTabController.swift */; };
		8039033125000DE9006EA799 /* Navigation.swift in Sources */ = {isa = PBXBuildFile; fileRef = 8039033025000DE9006EA799 /* Navigation.swift */; };
		803903332500138F006EA799 /* LoginViewController.swift in Sources */ = {isa = PBXBuildFile; fileRef = 803903322500138F006EA799 /* LoginViewController.swift */; };
		80494A4425053A280087FBAF /* ResourceCell.swift in Sources */ = {isa = PBXBuildFile; fileRef = 80494A4325053A270087FBAF /* ResourceCell.swift */; };
		80494A4625053AAD0087FBAF /* ResourcesModel.swift in Sources */ = {isa = PBXBuildFile; fileRef = 80494A4525053AAD0087FBAF /* ResourcesModel.swift */; };
		8085C14F2500044100A41039 /* AppDelegate.swift in Sources */ = {isa = PBXBuildFile; fileRef = 8085C14E2500044100A41039 /* AppDelegate.swift */; };
		8085C1512500044100A41039 /* SceneDelegate.swift in Sources */ = {isa = PBXBuildFile; fileRef = 8085C1502500044100A41039 /* SceneDelegate.swift */; };
		8085C1532500044100A41039 /* ResourcesViewController.swift in Sources */ = {isa = PBXBuildFile; fileRef = 8085C1522500044100A41039 /* ResourcesViewController.swift */; };
		8085C1562500044100A41039 /* Main.storyboard in Resources */ = {isa = PBXBuildFile; fileRef = 8085C1542500044100A41039 /* Main.storyboard */; };
		8085C1582500044300A41039 /* Assets.xcassets in Resources */ = {isa = PBXBuildFile; fileRef = 8085C1572500044300A41039 /* Assets.xcassets */; };
		8085C15B2500044300A41039 /* LaunchScreen.storyboard in Resources */ = {isa = PBXBuildFile; fileRef = 8085C1592500044300A41039 /* LaunchScreen.storyboard */; };
		8085C1662500044300A41039 /* QParentingTests.swift in Sources */ = {isa = PBXBuildFile; fileRef = 8085C1652500044300A41039 /* QParentingTests.swift */; };
		8085C1712500076800A41039 /* ForumViewController.swift in Sources */ = {isa = PBXBuildFile; fileRef = 8085C1702500076800A41039 /* ForumViewController.swift */; };
		8085C1732500076F00A41039 /* ProfileViewController.swift in Sources */ = {isa = PBXBuildFile; fileRef = 8085C1722500076F00A41039 /* ProfileViewController.swift */; };
/* End PBXBuildFile section */

/* Begin PBXContainerItemProxy section */
		8085C1622500044300A41039 /* PBXContainerItemProxy */ = {
			isa = PBXContainerItemProxy;
			containerPortal = 8085C1432500044100A41039 /* Project object */;
			proxyType = 1;
			remoteGlobalIDString = 8085C14A2500044100A41039;
			remoteInfo = QParenting;
		};
/* End PBXContainerItemProxy section */

/* Begin PBXFileReference section */
		8039032E25000CCB006EA799 /* MainTabController.swift */ = {isa = PBXFileReference; lastKnownFileType = sourcecode.swift; path = MainTabController.swift; sourceTree = "<group>"; };
		8039033025000DE9006EA799 /* Navigation.swift */ = {isa = PBXFileReference; lastKnownFileType = sourcecode.swift; path = Navigation.swift; sourceTree = "<group>"; };
		803903322500138F006EA799 /* LoginViewController.swift */ = {isa = PBXFileReference; lastKnownFileType = sourcecode.swift; path = LoginViewController.swift; sourceTree = "<group>"; };
		80494A4325053A270087FBAF /* ResourceCell.swift */ = {isa = PBXFileReference; lastKnownFileType = sourcecode.swift; path = ResourceCell.swift; sourceTree = "<group>"; };
		80494A4525053AAD0087FBAF /* ResourcesModel.swift */ = {isa = PBXFileReference; lastKnownFileType = sourcecode.swift; path = ResourcesModel.swift; sourceTree = "<group>"; };
		8085C14B2500044100A41039 /* QParenting.app */ = {isa = PBXFileReference; explicitFileType = wrapper.application; includeInIndex = 0; path = QParenting.app; sourceTree = BUILT_PRODUCTS_DIR; };
		8085C14E2500044100A41039 /* AppDelegate.swift */ = {isa = PBXFileReference; lastKnownFileType = sourcecode.swift; path = AppDelegate.swift; sourceTree = "<group>"; };
		8085C1502500044100A41039 /* SceneDelegate.swift */ = {isa = PBXFileReference; lastKnownFileType = sourcecode.swift; path = SceneDelegate.swift; sourceTree = "<group>"; };
		8085C1522500044100A41039 /* ResourcesViewController.swift */ = {isa = PBXFileReference; lastKnownFileType = sourcecode.swift; path = ResourcesViewController.swift; sourceTree = "<group>"; };
		8085C1552500044100A41039 /* Base */ = {isa = PBXFileReference; lastKnownFileType = file.storyboard; name = Base; path = Base.lproj/Main.storyboard; sourceTree = "<group>"; };
		8085C1572500044300A41039 /* Assets.xcassets */ = {isa = PBXFileReference; lastKnownFileType = folder.assetcatalog; path = Assets.xcassets; sourceTree = "<group>"; };
		8085C15A2500044300A41039 /* Base */ = {isa = PBXFileReference; lastKnownFileType = file.storyboard; name = Base; path = Base.lproj/LaunchScreen.storyboard; sourceTree = "<group>"; };
		8085C15C2500044300A41039 /* Info.plist */ = {isa = PBXFileReference; lastKnownFileType = text.plist.xml; path = Info.plist; sourceTree = "<group>"; };
		8085C1612500044300A41039 /* QParentingTests.xctest */ = {isa = PBXFileReference; explicitFileType = wrapper.cfbundle; includeInIndex = 0; path = QParentingTests.xctest; sourceTree = BUILT_PRODUCTS_DIR; };
		8085C1652500044300A41039 /* QParentingTests.swift */ = {isa = PBXFileReference; lastKnownFileType = sourcecode.swift; path = QParentingTests.swift; sourceTree = "<group>"; };
		8085C1672500044300A41039 /* Info.plist */ = {isa = PBXFileReference; lastKnownFileType = text.plist.xml; path = Info.plist; sourceTree = "<group>"; };
		8085C1702500076800A41039 /* ForumViewController.swift */ = {isa = PBXFileReference; lastKnownFileType = sourcecode.swift; path = ForumViewController.swift; sourceTree = "<group>"; };
		8085C1722500076F00A41039 /* ProfileViewController.swift */ = {isa = PBXFileReference; lastKnownFileType = sourcecode.swift; path = ProfileViewController.swift; sourceTree = "<group>"; };
/* End PBXFileReference section */

/* Begin PBXFrameworksBuildPhase section */
		8085C1482500044100A41039 /* Frameworks */ = {
			isa = PBXFrameworksBuildPhase;
			buildActionMask = 2147483647;
			files = (
			);
			runOnlyForDeploymentPostprocessing = 0;
		};
		8085C15E2500044300A41039 /* Frameworks */ = {
			isa = PBXFrameworksBuildPhase;
			buildActionMask = 2147483647;
			files = (
			);
			runOnlyForDeploymentPostprocessing = 0;
		};
/* End PBXFrameworksBuildPhase section */

/* Begin PBXGroup section */
		8085C1422500044100A41039 = {
			isa = PBXGroup;
			children = (
				8085C14D2500044100A41039 /* QParenting */,
				8085C1642500044300A41039 /* QParentingTests */,
				8085C14C2500044100A41039 /* Products */,
			);
			sourceTree = "<group>";
		};
		8085C14C2500044100A41039 /* Products */ = {
			isa = PBXGroup;
			children = (
				8085C14B2500044100A41039 /* QParenting.app */,
				8085C1612500044300A41039 /* QParentingTests.xctest */,
			);
			name = Products;
			sourceTree = "<group>";
		};
		8085C14D2500044100A41039 /* QParenting */ = {
			isa = PBXGroup;
			children = (
				8085C14E2500044100A41039 /* AppDelegate.swift */,
				8085C1502500044100A41039 /* SceneDelegate.swift */,
				80494A4525053AAD0087FBAF /* ResourcesModel.swift */,
				80494A4325053A270087FBAF /* ResourceCell.swift */,
				8039033025000DE9006EA799 /* Navigation.swift */,
				8085C1522500044100A41039 /* ResourcesViewController.swift */,
				803903322500138F006EA799 /* LoginViewController.swift */,
				8085C1702500076800A41039 /* ForumViewController.swift */,
				8085C1722500076F00A41039 /* ProfileViewController.swift */,
				8039032E25000CCB006EA799 /* MainTabController.swift */,
				8085C1542500044100A41039 /* Main.storyboard */,
				8085C1572500044300A41039 /* Assets.xcassets */,
				8085C1592500044300A41039 /* LaunchScreen.storyboard */,
				8085C15C2500044300A41039 /* Info.plist */,
			);
			path = QParenting;
			sourceTree = "<group>";
		};
		8085C1642500044300A41039 /* QParentingTests */ = {
			isa = PBXGroup;
			children = (
				8085C1652500044300A41039 /* QParentingTests.swift */,
				8085C1672500044300A41039 /* Info.plist */,
			);
			path = QParentingTests;
			sourceTree = "<group>";
		};
/* End PBXGroup section */

/* Begin PBXNativeTarget section */
		8085C14A2500044100A41039 /* QParenting */ = {
			isa = PBXNativeTarget;
			buildConfigurationList = 8085C16A2500044300A41039 /* Build configuration list for PBXNativeTarget "QParenting" */;
			buildPhases = (
				8085C1472500044100A41039 /* Sources */,
				8085C1482500044100A41039 /* Frameworks */,
				8085C1492500044100A41039 /* Resources */,
			);
			buildRules = (
			);
			dependencies = (
			);
			name = QParenting;
			productName = QParenting;
			productReference = 8085C14B2500044100A41039 /* QParenting.app */;
			productType = "com.apple.product-type.application";
		};
		8085C1602500044300A41039 /* QParentingTests */ = {
			isa = PBXNativeTarget;
			buildConfigurationList = 8085C16D2500044300A41039 /* Build configuration list for PBXNativeTarget "QParentingTests" */;
			buildPhases = (
				8085C15D2500044300A41039 /* Sources */,
				8085C15E2500044300A41039 /* Frameworks */,
				8085C15F2500044300A41039 /* Resources */,
			);
			buildRules = (
			);
			dependencies = (
				8085C1632500044300A41039 /* PBXTargetDependency */,
			);
			name = QParentingTests;
			productName = QParentingTests;
			productReference = 8085C1612500044300A41039 /* QParentingTests.xctest */;
			productType = "com.apple.product-type.bundle.unit-test";
		};
/* End PBXNativeTarget section */

/* Begin PBXProject section */
		8085C1432500044100A41039 /* Project object */ = {
			isa = PBXProject;
			attributes = {
				LastSwiftUpdateCheck = 1140;
				LastUpgradeCheck = 1140;
				ORGANIZATIONNAME = "Maitree Bain";
				TargetAttributes = {
					8085C14A2500044100A41039 = {
						CreatedOnToolsVersion = 11.4.1;
					};
					8085C1602500044300A41039 = {
						CreatedOnToolsVersion = 11.4.1;
						TestTargetID = 8085C14A2500044100A41039;
					};
				};
			};
			buildConfigurationList = 8085C1462500044100A41039 /* Build configuration list for PBXProject "QParenting" */;
			compatibilityVersion = "Xcode 9.3";
			developmentRegion = en;
			hasScannedForEncodings = 0;
			knownRegions = (
				en,
				Base,
			);
			mainGroup = 8085C1422500044100A41039;
			productRefGroup = 8085C14C2500044100A41039 /* Products */;
			projectDirPath = "";
			projectRoot = "";
			targets = (
				8085C14A2500044100A41039 /* QParenting */,
				8085C1602500044300A41039 /* QParentingTests */,
			);
		};
/* End PBXProject section */

/* Begin PBXResourcesBuildPhase section */
		8085C1492500044100A41039 /* Resources */ = {
			isa = PBXResourcesBuildPhase;
			buildActionMask = 2147483647;
			files = (
				8085C15B2500044300A41039 /* LaunchScreen.storyboard in Resources */,
				8085C1582500044300A41039 /* Assets.xcassets in Resources */,
				8085C1562500044100A41039 /* Main.storyboard in Resources */,
			);
			runOnlyForDeploymentPostprocessing = 0;
		};
		8085C15F2500044300A41039 /* Resources */ = {
			isa = PBXResourcesBuildPhase;
			buildActionMask = 2147483647;
			files = (
			);
			runOnlyForDeploymentPostprocessing = 0;
		};
/* End PBXResourcesBuildPhase section */

/* Begin PBXSourcesBuildPhase section */
		8085C1472500044100A41039 /* Sources */ = {
			isa = PBXSourcesBuildPhase;
			buildActionMask = 2147483647;
			files = (
				8085C1712500076800A41039 /* ForumViewController.swift in Sources */,
				80494A4625053AAD0087FBAF /* ResourcesModel.swift in Sources */,
				80494A4425053A280087FBAF /* ResourceCell.swift in Sources */,
				8085C1532500044100A41039 /* ResourcesViewController.swift in Sources */,
				8039033125000DE9006EA799 /* Navigation.swift in Sources */,
				8039032F25000CCB006EA799 /* MainTabController.swift in Sources */,
				803903332500138F006EA799 /* LoginViewController.swift in Sources */,
				8085C1732500076F00A41039 /* ProfileViewController.swift in Sources */,
				8085C14F2500044100A41039 /* AppDelegate.swift in Sources */,
				8085C1512500044100A41039 /* SceneDelegate.swift in Sources */,
			);
			runOnlyForDeploymentPostprocessing = 0;
		};
		8085C15D2500044300A41039 /* Sources */ = {
			isa = PBXSourcesBuildPhase;
			buildActionMask = 2147483647;
			files = (
				8085C1662500044300A41039 /* QParentingTests.swift in Sources */,
			);
			runOnlyForDeploymentPostprocessing = 0;
		};
/* End PBXSourcesBuildPhase section */

/* Begin PBXTargetDependency section */
		8085C1632500044300A41039 /* PBXTargetDependency */ = {
			isa = PBXTargetDependency;
			target = 8085C14A2500044100A41039 /* QParenting */;
			targetProxy = 8085C1622500044300A41039 /* PBXContainerItemProxy */;
		};
/* End PBXTargetDependency section */

/* Begin PBXVariantGroup section */
		8085C1542500044100A41039 /* Main.storyboard */ = {
			isa = PBXVariantGroup;
			children = (
				8085C1552500044100A41039 /* Base */,
			);
			name = Main.storyboard;
			sourceTree = "<group>";
		};
		8085C1592500044300A41039 /* LaunchScreen.storyboard */ = {
			isa = PBXVariantGroup;
			children = (
				8085C15A2500044300A41039 /* Base */,
			);
			name = LaunchScreen.storyboard;
			sourceTree = "<group>";
		};
/* End PBXVariantGroup section */

/* Begin XCBuildConfiguration section */
		8085C1682500044300A41039 /* Debug */ = {
			isa = XCBuildConfiguration;
			buildSettings = {
				ALWAYS_SEARCH_USER_PATHS = NO;
				CLANG_ANALYZER_NONNULL = YES;
				CLANG_ANALYZER_NUMBER_OBJECT_CONVERSION = YES_AGGRESSIVE;
				CLANG_CXX_LANGUAGE_STANDARD = "gnu++14";
				CLANG_CXX_LIBRARY = "libc++";
				CLANG_ENABLE_MODULES = YES;
				CLANG_ENABLE_OBJC_ARC = YES;
				CLANG_ENABLE_OBJC_WEAK = YES;
				CLANG_WARN_BLOCK_CAPTURE_AUTORELEASING = YES;
				CLANG_WARN_BOOL_CONVERSION = YES;
				CLANG_WARN_COMMA = YES;
				CLANG_WARN_CONSTANT_CONVERSION = YES;
				CLANG_WARN_DEPRECATED_OBJC_IMPLEMENTATIONS = YES;
				CLANG_WARN_DIRECT_OBJC_ISA_USAGE = YES_ERROR;
				CLANG_WARN_DOCUMENTATION_COMMENTS = YES;
				CLANG_WARN_EMPTY_BODY = YES;
				CLANG_WARN_ENUM_CONVERSION = YES;
				CLANG_WARN_INFINITE_RECURSION = YES;
				CLANG_WARN_INT_CONVERSION = YES;
				CLANG_WARN_NON_LITERAL_NULL_CONVERSION = YES;
				CLANG_WARN_OBJC_IMPLICIT_RETAIN_SELF = YES;
				CLANG_WARN_OBJC_LITERAL_CONVERSION = YES;
				CLANG_WARN_OBJC_ROOT_CLASS = YES_ERROR;
				CLANG_WARN_RANGE_LOOP_ANALYSIS = YES;
				CLANG_WARN_STRICT_PROTOTYPES = YES;
				CLANG_WARN_SUSPICIOUS_MOVE = YES;
				CLANG_WARN_UNGUARDED_AVAILABILITY = YES_AGGRESSIVE;
				CLANG_WARN_UNREACHABLE_CODE = YES;
				CLANG_WARN__DUPLICATE_METHOD_MATCH = YES;
				COPY_PHASE_STRIP = NO;
				DEBUG_INFORMATION_FORMAT = dwarf;
				ENABLE_STRICT_OBJC_MSGSEND = YES;
				ENABLE_TESTABILITY = YES;
				GCC_C_LANGUAGE_STANDARD = gnu11;
				GCC_DYNAMIC_NO_PIC = NO;
				GCC_NO_COMMON_BLOCKS = YES;
				GCC_OPTIMIZATION_LEVEL = 0;
				GCC_PREPROCESSOR_DEFINITIONS = (
					"DEBUG=1",
					"$(inherited)",
				);
				GCC_WARN_64_TO_32_BIT_CONVERSION = YES;
				GCC_WARN_ABOUT_RETURN_TYPE = YES_ERROR;
				GCC_WARN_UNDECLARED_SELECTOR = YES;
				GCC_WARN_UNINITIALIZED_AUTOS = YES_AGGRESSIVE;
				GCC_WARN_UNUSED_FUNCTION = YES;
				GCC_WARN_UNUSED_VARIABLE = YES;
				IPHONEOS_DEPLOYMENT_TARGET = 13.4;
				MTL_ENABLE_DEBUG_INFO = INCLUDE_SOURCE;
				MTL_FAST_MATH = YES;
				ONLY_ACTIVE_ARCH = YES;
				SDKROOT = iphoneos;
				SWIFT_ACTIVE_COMPILATION_CONDITIONS = DEBUG;
				SWIFT_OPTIMIZATION_LEVEL = "-Onone";
			};
			name = Debug;
		};
		8085C1692500044300A41039 /* Release */ = {
			isa = XCBuildConfiguration;
			buildSettings = {
				ALWAYS_SEARCH_USER_PATHS = NO;
				CLANG_ANALYZER_NONNULL = YES;
				CLANG_ANALYZER_NUMBER_OBJECT_CONVERSION = YES_AGGRESSIVE;
				CLANG_CXX_LANGUAGE_STANDARD = "gnu++14";
				CLANG_CXX_LIBRARY = "libc++";
				CLANG_ENABLE_MODULES = YES;
				CLANG_ENABLE_OBJC_ARC = YES;
				CLANG_ENABLE_OBJC_WEAK = YES;
				CLANG_WARN_BLOCK_CAPTURE_AUTORELEASING = YES;
				CLANG_WARN_BOOL_CONVERSION = YES;
				CLANG_WARN_COMMA = YES;
				CLANG_WARN_CONSTANT_CONVERSION = YES;
				CLANG_WARN_DEPRECATED_OBJC_IMPLEMENTATIONS = YES;
				CLANG_WARN_DIRECT_OBJC_ISA_USAGE = YES_ERROR;
				CLANG_WARN_DOCUMENTATION_COMMENTS = YES;
				CLANG_WARN_EMPTY_BODY = YES;
				CLANG_WARN_ENUM_CONVERSION = YES;
				CLANG_WARN_INFINITE_RECURSION = YES;
				CLANG_WARN_INT_CONVERSION = YES;
				CLANG_WARN_NON_LITERAL_NULL_CONVERSION = YES;
				CLANG_WARN_OBJC_IMPLICIT_RETAIN_SELF = YES;
				CLANG_WARN_OBJC_LITERAL_CONVERSION = YES;
				CLANG_WARN_OBJC_ROOT_CLASS = YES_ERROR;
				CLANG_WARN_RANGE_LOOP_ANALYSIS = YES;
				CLANG_WARN_STRICT_PROTOTYPES = YES;
				CLANG_WARN_SUSPICIOUS_MOVE = YES;
				CLANG_WARN_UNGUARDED_AVAILABILITY = YES_AGGRESSIVE;
				CLANG_WARN_UNREACHABLE_CODE = YES;
				CLANG_WARN__DUPLICATE_METHOD_MATCH = YES;
				COPY_PHASE_STRIP = NO;
				DEBUG_INFORMATION_FORMAT = "dwarf-with-dsym";
				ENABLE_NS_ASSERTIONS = NO;
				ENABLE_STRICT_OBJC_MSGSEND = YES;
				GCC_C_LANGUAGE_STANDARD = gnu11;
				GCC_NO_COMMON_BLOCKS = YES;
				GCC_WARN_64_TO_32_BIT_CONVERSION = YES;
				GCC_WARN_ABOUT_RETURN_TYPE = YES_ERROR;
				GCC_WARN_UNDECLARED_SELECTOR = YES;
				GCC_WARN_UNINITIALIZED_AUTOS = YES_AGGRESSIVE;
				GCC_WARN_UNUSED_FUNCTION = YES;
				GCC_WARN_UNUSED_VARIABLE = YES;
				IPHONEOS_DEPLOYMENT_TARGET = 13.4;
				MTL_ENABLE_DEBUG_INFO = NO;
				MTL_FAST_MATH = YES;
				SDKROOT = iphoneos;
				SWIFT_COMPILATION_MODE = wholemodule;
				SWIFT_OPTIMIZATION_LEVEL = "-O";
				VALIDATE_PRODUCT = YES;
			};
			name = Release;
		};
		8085C16B2500044300A41039 /* Debug */ = {
			isa = XCBuildConfiguration;
			buildSettings = {
				ASSETCATALOG_COMPILER_APPICON_NAME = AppIcon;
				CODE_SIGN_STYLE = Automatic;
				DEVELOPMENT_TEAM = P547T297G7;
				INFOPLIST_FILE = QParenting/Info.plist;
				LD_RUNPATH_SEARCH_PATHS = (
					"$(inherited)",
					"@executable_path/Frameworks",
				);
				PRODUCT_BUNDLE_IDENTIFIER = com.MaitreeBain.QParenting;
				PRODUCT_NAME = "$(TARGET_NAME)";
				SWIFT_VERSION = 5.0;
				TARGETED_DEVICE_FAMILY = "1,2";
			};
			name = Debug;
		};
		8085C16C2500044300A41039 /* Release */ = {
			isa = XCBuildConfiguration;
			buildSettings = {
				ASSETCATALOG_COMPILER_APPICON_NAME = AppIcon;
				CODE_SIGN_STYLE = Automatic;
				DEVELOPMENT_TEAM = P547T297G7;
				INFOPLIST_FILE = QParenting/Info.plist;
				LD_RUNPATH_SEARCH_PATHS = (
					"$(inherited)",
					"@executable_path/Frameworks",
				);
				PRODUCT_BUNDLE_IDENTIFIER = com.MaitreeBain.QParenting;
				PRODUCT_NAME = "$(TARGET_NAME)";
				SWIFT_VERSION = 5.0;
				TARGETED_DEVICE_FAMILY = "1,2";
			};
			name = Release;
		};
		8085C16E2500044300A41039 /* Debug */ = {
			isa = XCBuildConfiguration;
			buildSettings = {
				ALWAYS_EMBED_SWIFT_STANDARD_LIBRARIES = YES;
				BUNDLE_LOADER = "$(TEST_HOST)";
				CODE_SIGN_STYLE = Automatic;
				DEVELOPMENT_TEAM = P547T297G7;
				INFOPLIST_FILE = QParentingTests/Info.plist;
				IPHONEOS_DEPLOYMENT_TARGET = 13.4;
				LD_RUNPATH_SEARCH_PATHS = (
					"$(inherited)",
					"@executable_path/Frameworks",
					"@loader_path/Frameworks",
				);
				PRODUCT_BUNDLE_IDENTIFIER = com.MaitreeBain.QParentingTests;
				PRODUCT_NAME = "$(TARGET_NAME)";
				SWIFT_VERSION = 5.0;
				TARGETED_DEVICE_FAMILY = "1,2";
				TEST_HOST = "$(BUILT_PRODUCTS_DIR)/QParenting.app/QParenting";
			};
			name = Debug;
		};
		8085C16F2500044300A41039 /* Release */ = {
			isa = XCBuildConfiguration;
			buildSettings = {
				ALWAYS_EMBED_SWIFT_STANDARD_LIBRARIES = YES;
				BUNDLE_LOADER = "$(TEST_HOST)";
				CODE_SIGN_STYLE = Automatic;
				DEVELOPMENT_TEAM = P547T297G7;
				INFOPLIST_FILE = QParentingTests/Info.plist;
				IPHONEOS_DEPLOYMENT_TARGET = 13.4;
				LD_RUNPATH_SEARCH_PATHS = (
					"$(inherited)",
					"@executable_path/Frameworks",
					"@loader_path/Frameworks",
				);
				PRODUCT_BUNDLE_IDENTIFIER = com.MaitreeBain.QParentingTests;
				PRODUCT_NAME = "$(TARGET_NAME)";
				SWIFT_VERSION = 5.0;
				TARGETED_DEVICE_FAMILY = "1,2";
				TEST_HOST = "$(BUILT_PRODUCTS_DIR)/QParenting.app/QParenting";
			};
			name = Release;
		};
/* End XCBuildConfiguration section */

/* Begin XCConfigurationList section */
		8085C1462500044100A41039 /* Build configuration list for PBXProject "QParenting" */ = {
			isa = XCConfigurationList;
			buildConfigurations = (
				8085C1682500044300A41039 /* Debug */,
				8085C1692500044300A41039 /* Release */,
			);
			defaultConfigurationIsVisible = 0;
			defaultConfigurationName = Release;
		};
		8085C16A2500044300A41039 /* Build configuration list for PBXNativeTarget "QParenting" */ = {
			isa = XCConfigurationList;
			buildConfigurations = (
				8085C16B2500044300A41039 /* Debug */,
				8085C16C2500044300A41039 /* Release */,
			);
			defaultConfigurationIsVisible = 0;
			defaultConfigurationName = Release;
		};
		8085C16D2500044300A41039 /* Build configuration list for PBXNativeTarget "QParentingTests" */ = {
			isa = XCConfigurationList;
			buildConfigurations = (
				8085C16E2500044300A41039 /* Debug */,
				8085C16F2500044300A41039 /* Release */,
			);
			defaultConfigurationIsVisible = 0;
			defaultConfigurationName = Release;
		};
/* End XCConfigurationList section */
	};
	rootObject = 8085C1432500044100A41039 /* Project object */;
}
